
Microsoft Visual Studio Solution File, Format Version 12.00
# Visual Studio Version 16
VisualStudioVersion = 16.0.29009.5
MinimumVisualStudioVersion = 10.0.40219.1
Project("{FAE04EC0-301F-11D3-BF4B-00C04F79EFBC}") = "OneHourProject", "OneHourProject\OneHourProject.csproj", "{73D7EE9A-255F-48EE-8B48-A8126D751420}"
EndProject
Project("{FAE04EC0-301F-11D3-BF4B-00C04F79EFBC}") = "MeaningfulCalculation", "MeaningfulCalculation\MeaningfulCalculation.csproj", "{A3E79BFC-DE8B-45C5-924E-C2D1A647DA5A}"
EndProject
Global
	GlobalSection(SolutionConfigurationPlatforms) = preSolution
		Debug|Any CPU = Debug|Any CPU
		Release|Any CPU = Release|Any CPU
	EndGlobalSection
	GlobalSection(ProjectConfigurationPlatforms) = postSolution
		{73D7EE9A-255F-48EE-8B48-A8126D751420}.Debug|Any CPU.ActiveCfg = Debug|Any CPU
		{73D7EE9A-255F-48EE-8B48-A8126D751420}.Debug|Any CPU.Build.0 = Debug|Any CPU
		{73D7EE9A-255F-48EE-8B48-A8126D751420}.Release|Any CPU.ActiveCfg = Release|Any CPU
		{73D7EE9A-255F-48EE-8B48-A8126D751420}.Release|Any CPU.Build.0 = Release|Any CPU
		{A3E79BFC-DE8B-45C5-924E-C2D1A647DA5A}.Debug|Any CPU.ActiveCfg = Debug|Any CPU
		{A3E79BFC-DE8B-45C5-924E-C2D1A647DA5A}.Debug|Any CPU.Build.0 = Debug|Any CPU
		{A3E79BFC-DE8B-45C5-924E-C2D1A647DA5A}.Release|Any CPU.ActiveCfg = Release|Any CPU
		{A3E79BFC-DE8B-45C5-924E-C2D1A647DA5A}.Release|Any CPU.Build.0 = Release|Any CPU
	EndGlobalSection
	GlobalSection(SolutionProperties) = preSolution
		HideSolutionNode = FALSE
	EndGlobalSection
	GlobalSection(ExtensibilityGlobals) = postSolution
		SolutionGuid = {8F22C6AC-F7FD-4D13-98D9-DF762AADFA4E}
	EndGlobalSection
EndGlobal
